
Microsoft Visual Studio Solution File, Format Version 12.00
Project("{FAE04EC0-301F-11D3-BF4B-00C04F79EFBC}") = "Somewhere2", "Somewhere2.csproj", "{42C5E0B5-71F3-41E6-BED1-6FFA0A669C5D}"
EndProject
Global
	GlobalSection(SolutionConfigurationPlatforms) = preSolution
		Debug|Any CPU = Debug|Any CPU
		Release|Any CPU = Release|Any CPU
	EndGlobalSection
	GlobalSection(ProjectConfigurationPlatforms) = postSolution
		{42C5E0B5-71F3-41E6-BED1-6FFA0A669C5D}.Debug|Any CPU.ActiveCfg = Debug|Any CPU
		{42C5E0B5-71F3-41E6-BED1-6FFA0A669C5D}.Debug|Any CPU.Build.0 = Debug|Any CPU
		{42C5E0B5-71F3-41E6-BED1-6FFA0A669C5D}.Release|Any CPU.ActiveCfg = Release|Any CPU
		{42C5E0B5-71F3-41E6-BED1-6FFA0A669C5D}.Release|Any CPU.Build.0 = Release|Any CPU
	EndGlobalSection
EndGlobal
